lockfileVersion: '9.0'

settings:
  autoInstallPeers: true
  excludeLinksFromLockfile: false

importers:

  .:
    dependencies:
      '@octokit/app':
        specifier: ^15
        version: 15.1.6
      '@octokit/request':
        specifier: ^8
        version: 8.4.1
      '@octokit/webhooks':
        specifier: ^12
        version: 12.3.2
      '@shopify/cli':
        specifier: ^3.87.4
        version: 3.87.4
      tar:
        specifier: ^7.5.2
        version: 7.5.2
      tiny-invariant:
        specifier: ^1.3.3
        version: 1.3.3
    devDependencies:
      '@types/node':
        specifier: ^20
        version: 20.19.17
      '@types/tar':
        specifier: ^6.1.13
        version: 6.1.13
      typescript:
        specifier: ^5.9.2
        version: 5.9.2

packages:

  '@ast-grep/napi-darwin-arm64@0.33.0':
    resolution: {integrity: sha512-FsBQiBNGbqeU6z2sjFgnV6MXuBa0wYUb4PViMnqsKLeWiO7kRii5crmXLCtdTD2hufXTG6Rll8X46AkYOAwGGQ==}
    engines: {node: '>= 10'}
    cpu: [arm64]
    os: [darwin]

  '@ast-grep/napi-darwin-x64@0.33.0':
    resolution: {integrity: sha512-rWo1wG7fc7K20z9ExIeN6U4QqjHhoQSpBDDnmxKTR0nIwPfyMq338sS4sWZomutxprcZDtWrekxH1lXjNvfuiA==}
    engines: {node: '>= 10'}
    cpu: [x64]
    os: [darwin]

  '@ast-grep/napi-linux-arm64-gnu@0.33.0':
    resolution: {integrity: sha512-3ZnA2k57kxfvLg4s9+6rHaCx1FbWt0EF8fumJMf5nwevu7GbVOOhCkzAetZe80FBgZuIOSR4IS2QMj9ZHI0UdQ==}
    engines: {node: '>= 10'}
    cpu: [arm64]
    os: [linux]

  '@ast-grep/napi-linux-arm64-musl@0.33.0':
    resolution: {integrity: sha512-oUGZgCaVCijFgvC+X52ttgoWUqgrIsSVJZgn+1VBY3n4mpzcoYAghFomSUbRTBUL2ebvZweA33Klqks4okY61w==}
    engines: {node: '>= 10'}
    cpu: [arm64]
    os: [linux]

  '@ast-grep/napi-linux-x64-gnu@0.33.0':
    resolution: {integrity: sha512-QTAkfxQSsOGRza0hnkeAgJDQqR00iDerRNq42dOGIzgF+Kse491By3UmBEMG4oCbv17yYcBBlknQkzKSKtigjw==}
    engines: {node: '>= 10'}
    cpu: [x64]
    os: [linux]

  '@ast-grep/napi-linux-x64-musl@0.33.0':
    resolution: {integrity: sha512-PW6bZO7MyQsBNZv0idI/Ah6ak66T8LqZ21wBGjtQp9NDGViOtkLeu+eJJGaZjMqUdidKHKgmMKXksZHl2m8ulQ==}
    engines: {node: '>= 10'}
    cpu: [x64]
    os: [linux]

  '@ast-grep/napi-win32-arm64-msvc@0.33.0':
    resolution: {integrity: sha512-ijmFQcFc32JOIQlSfnhDJpb3qFb2RhrRqfeY0EHHN1xRSGwZHfsHTSS66nKR2sREmxTIMgxXOtylKicbyyMVKA==}
    engines: {node: '>= 10'}
    cpu: [arm64]
    os: [win32]

  '@ast-grep/napi-win32-ia32-msvc@0.33.0':
    resolution: {integrity: sha512-NNIb2VK3Z2BwKp0QJSw8gkhwOUp85SgTsxJ38p+wIUAA/KzAKCJOmyOaZ301qGHt4gL+jTHgTIvJJX+9eT/REg==}
    engines: {node: '>= 10'}
    cpu: [ia32]
    os: [win32]

  '@ast-grep/napi-win32-x64-msvc@0.33.0':
    resolution: {integrity: sha512-gW7viQQjdPA1HoCkpCqoonC81TOwcpP828w/XqZFE/L6uhD8SF2usul8KNBQOiX3O7/fqYEOnbtWMCrwZIqG1Q==}
    engines: {node: '>= 10'}
    cpu: [x64]
    os: [win32]

  '@ast-grep/napi@0.33.0':
    resolution: {integrity: sha512-6heRMmomhSD0dkummRQ+R4xWXXmc41OaDPoPI49mKJXPyvwJPdPZUcQjXdIitOVL4uJV+qM2ZBucDPENDBSixw==}
    engines: {node: '>= 10'}

  '@esbuild/aix-ppc64@0.25.12':
    resolution: {integrity: sha512-Hhmwd6CInZ3dwpuGTF8fJG6yoWmsToE+vYgD4nytZVxcu1ulHpUQRAB1UJ8+N1Am3Mz4+xOByoQoSZf4D+CpkA==}
    engines: {node: '>=18'}
    cpu: [ppc64]
    os: [aix]

  '@esbuild/android-arm64@0.25.12':
    resolution: {integrity: sha512-6AAmLG7zwD1Z159jCKPvAxZd4y/VTO0VkprYy+3N2FtJ8+BQWFXU+OxARIwA46c5tdD9SsKGZ/1ocqBS/gAKHg==}
    engines: {node: '>=18'}
    cpu: [arm64]
    os: [android]

  '@esbuild/android-arm@0.25.12':
    resolution: {integrity: sha512-VJ+sKvNA/GE7Ccacc9Cha7bpS8nyzVv0jdVgwNDaR4gDMC/2TTRc33Ip8qrNYUcpkOHUT5OZ0bUcNNVZQ9RLlg==}
    engines: {node: '>=18'}
    cpu: [arm]
    os: [android]

  '@esbuild/android-x64@0.25.12':
    resolution: {integrity: sha512-5jbb+2hhDHx5phYR2By8GTWEzn6I9UqR11Kwf22iKbNpYrsmRB18aX/9ivc5cabcUiAT/wM+YIZ6SG9QO6a8kg==}
    engines: {node: '>=18'}
    cpu: [x64]
    os: [android]

  '@esbuild/darwin-arm64@0.25.12':
    resolution: {integrity: sha512-N3zl+lxHCifgIlcMUP5016ESkeQjLj/959RxxNYIthIg+CQHInujFuXeWbWMgnTo4cp5XVHqFPmpyu9J65C1Yg==}
    engines: {node: '>=18'}
    cpu: [arm64]
    os: [darwin]

  '@esbuild/darwin-x64@0.25.12':
    resolution: {integrity: sha512-HQ9ka4Kx21qHXwtlTUVbKJOAnmG1ipXhdWTmNXiPzPfWKpXqASVcWdnf2bnL73wgjNrFXAa3yYvBSd9pzfEIpA==}
    engines: {node: '>=18'}
    cpu: [x64]
    os: [darwin]

  '@esbuild/freebsd-arm64@0.25.12':
    resolution: {integrity: sha512-gA0Bx759+7Jve03K1S0vkOu5Lg/85dou3EseOGUes8flVOGxbhDDh/iZaoek11Y8mtyKPGF3vP8XhnkDEAmzeg==}
    engines: {node: '>=18'}
    cpu: [arm64]
    os: [freebsd]

  '@esbuild/freebsd-x64@0.25.12':
    resolution: {integrity: sha512-TGbO26Yw2xsHzxtbVFGEXBFH0FRAP7gtcPE7P5yP7wGy7cXK2oO7RyOhL5NLiqTlBh47XhmIUXuGciXEqYFfBQ==}
    engines: {node: '>=18'}
    cpu: [x64]
    os: [freebsd]

  '@esbuild/linux-arm64@0.25.12':
    resolution: {integrity: sha512-8bwX7a8FghIgrupcxb4aUmYDLp8pX06rGh5HqDT7bB+8Rdells6mHvrFHHW2JAOPZUbnjUpKTLg6ECyzvas2AQ==}
    engines: {node: '>=18'}
    cpu: [arm64]
    os: [linux]

  '@esbuild/linux-arm@0.25.12':
    resolution: {integrity: sha512-lPDGyC1JPDou8kGcywY0YILzWlhhnRjdof3UlcoqYmS9El818LLfJJc3PXXgZHrHCAKs/Z2SeZtDJr5MrkxtOw==}
    engines: {node: '>=18'}
    cpu: [arm]
    os: [linux]

  '@esbuild/linux-ia32@0.25.12':
    resolution: {integrity: sha512-0y9KrdVnbMM2/vG8KfU0byhUN+EFCny9+8g202gYqSSVMonbsCfLjUO+rCci7pM0WBEtz+oK/PIwHkzxkyharA==}
    engines: {node: '>=18'}
    cpu: [ia32]
    os: [linux]

  '@esbuild/linux-loong64@0.25.12':
    resolution: {integrity: sha512-h///Lr5a9rib/v1GGqXVGzjL4TMvVTv+s1DPoxQdz7l/AYv6LDSxdIwzxkrPW438oUXiDtwM10o9PmwS/6Z0Ng==}
    engines: {node: '>=18'}
    cpu: [loong64]
    os: [linux]

  '@esbuild/linux-mips64el@0.25.12':
    resolution: {integrity: sha512-iyRrM1Pzy9GFMDLsXn1iHUm18nhKnNMWscjmp4+hpafcZjrr2WbT//d20xaGljXDBYHqRcl8HnxbX6uaA/eGVw==}
    engines: {node: '>=18'}
    cpu: [mips64el]
    os: [linux]

  '@esbuild/linux-ppc64@0.25.12':
    resolution: {integrity: sha512-9meM/lRXxMi5PSUqEXRCtVjEZBGwB7P/D4yT8UG/mwIdze2aV4Vo6U5gD3+RsoHXKkHCfSxZKzmDssVlRj1QQA==}
    engines: {node: '>=18'}
    cpu: [ppc64]
    os: [linux]

  '@esbuild/linux-riscv64@0.25.12':
    resolution: {integrity: sha512-Zr7KR4hgKUpWAwb1f3o5ygT04MzqVrGEGXGLnj15YQDJErYu/BGg+wmFlIDOdJp0PmB0lLvxFIOXZgFRrdjR0w==}
    engines: {node: '>=18'}
    cpu: [riscv64]
    os: [linux]

  '@esbuild/linux-s390x@0.25.12':
    resolution: {integrity: sha512-MsKncOcgTNvdtiISc/jZs/Zf8d0cl/t3gYWX8J9ubBnVOwlk65UIEEvgBORTiljloIWnBzLs4qhzPkJcitIzIg==}
    engines: {node: '>=18'}
    cpu: [s390x]
    os: [linux]

  '@esbuild/linux-x64@0.25.12':
    resolution: {integrity: sha512-uqZMTLr/zR/ed4jIGnwSLkaHmPjOjJvnm6TVVitAa08SLS9Z0VM8wIRx7gWbJB5/J54YuIMInDquWyYvQLZkgw==}
    engines: {node: '>=18'}
    cpu: [x64]
    os: [linux]

  '@esbuild/netbsd-arm64@0.25.12':
    resolution: {integrity: sha512-xXwcTq4GhRM7J9A8Gv5boanHhRa/Q9KLVmcyXHCTaM4wKfIpWkdXiMog/KsnxzJ0A1+nD+zoecuzqPmCRyBGjg==}
    engines: {node: '>=18'}
    cpu: [arm64]
    os: [netbsd]

  '@esbuild/netbsd-x64@0.25.12':
    resolution: {integrity: sha512-Ld5pTlzPy3YwGec4OuHh1aCVCRvOXdH8DgRjfDy/oumVovmuSzWfnSJg+VtakB9Cm0gxNO9BzWkj6mtO1FMXkQ==}
    engines: {node: '>=18'}
    cpu: [x64]
    os: [netbsd]

  '@esbuild/openbsd-arm64@0.25.12':
    resolution: {integrity: sha512-fF96T6KsBo/pkQI950FARU9apGNTSlZGsv1jZBAlcLL1MLjLNIWPBkj5NlSz8aAzYKg+eNqknrUJ24QBybeR5A==}
    engines: {node: '>=18'}
    cpu: [arm64]
    os: [openbsd]

  '@esbuild/openbsd-x64@0.25.12':
    resolution: {integrity: sha512-MZyXUkZHjQxUvzK7rN8DJ3SRmrVrke8ZyRusHlP+kuwqTcfWLyqMOE3sScPPyeIXN/mDJIfGXvcMqCgYKekoQw==}
    engines: {node: '>=18'}
    cpu: [x64]
    os: [openbsd]

  '@esbuild/openharmony-arm64@0.25.12':
    resolution: {integrity: sha512-rm0YWsqUSRrjncSXGA7Zv78Nbnw4XL6/dzr20cyrQf7ZmRcsovpcRBdhD43Nuk3y7XIoW2OxMVvwuRvk9XdASg==}
    engines: {node: '>=18'}
    cpu: [arm64]
    os: [openharmony]

  '@esbuild/sunos-x64@0.25.12':
    resolution: {integrity: sha512-3wGSCDyuTHQUzt0nV7bocDy72r2lI33QL3gkDNGkod22EsYl04sMf0qLb8luNKTOmgF/eDEDP5BFNwoBKH441w==}
    engines: {node: '>=18'}
    cpu: [x64]
    os: [sunos]

  '@esbuild/win32-arm64@0.25.12':
    resolution: {integrity: sha512-rMmLrur64A7+DKlnSuwqUdRKyd3UE7oPJZmnljqEptesKM8wx9J8gx5u0+9Pq0fQQW8vqeKebwNXdfOyP+8Bsg==}
    engines: {node: '>=18'}
    cpu: [arm64]
    os: [win32]

  '@esbuild/win32-ia32@0.25.12':
    resolution: {integrity: sha512-HkqnmmBoCbCwxUKKNPBixiWDGCpQGVsrQfJoVGYLPT41XWF8lHuE5N6WhVia2n4o5QK5M4tYr21827fNhi4byQ==}
    engines: {node: '>=18'}
    cpu: [ia32]
    os: [win32]

  '@esbuild/win32-x64@0.25.12':
    resolution: {integrity: sha512-alJC0uCZpTFrSL0CCDjcgleBXPnCrEAhTBILpeAp7M/OFgoqtAetfBzX0xM00MUsVVPpVjlPuMbREqnZCXaTnA==}
    engines: {node: '>=18'}
    cpu: [x64]
    os: [win32]

  '@isaacs/fs-minipass@4.0.1':
    resolution: {integrity: sha512-wgm9Ehl2jpeqP3zw/7mo3kRHFp5MEDhqAdwy1fTGkHAwnkGOVsgpvQhL8B5n1qlb01jV3n/bI0ZfZp5lWA1k4w==}
    engines: {node: '>=18.0.0'}

  '@octokit/app@15.1.6':
    resolution: {integrity: sha512-WELCamoCJo9SN0lf3SWZccf68CF0sBNPQuLYmZ/n87p5qvBJDe9aBtr5dHkh7T9nxWZ608pizwsUbypSzZAiUw==}
    engines: {node: '>= 18'}

  '@octokit/auth-app@7.2.2':
    resolution: {integrity: sha512-p6hJtEyQDCJEPN9ijjhEC/kpFHMHN4Gca9r+8S0S8EJi7NaWftaEmexjxxpT1DFBeJpN4u/5RE22ArnyypupJw==}
    engines: {node: '>= 18'}

  '@octokit/auth-oauth-app@8.1.4':
    resolution: {integrity: sha512-71iBa5SflSXcclk/OL3lJzdt4iFs56OJdpBGEBl1wULp7C58uiswZLV6TdRaiAzHP1LT8ezpbHlKuxADb+4NkQ==}
    engines: {node: '>= 18'}

  '@octokit/auth-oauth-device@7.1.5':
    resolution: {integrity: sha512-lR00+k7+N6xeECj0JuXeULQ2TSBB/zjTAmNF2+vyGPDEFx1dgk1hTDmL13MjbSmzusuAmuJD8Pu39rjp9jH6yw==}
    engines: {node: '>= 18'}

  '@octokit/auth-oauth-user@5.1.6':
    resolution: {integrity: sha512-/R8vgeoulp7rJs+wfJ2LtXEVC7pjQTIqDab7wPKwVG6+2v/lUnCOub6vaHmysQBbb45FknM3tbHW8TOVqYHxCw==}
    engines: {node: '>= 18'}

  '@octokit/auth-token@5.1.2':
    resolution: {integrity: sha512-JcQDsBdg49Yky2w2ld20IHAlwr8d/d8N6NiOXbtuoPCqzbsiJgF633mVUw3x4mo0H5ypataQIX7SFu3yy44Mpw==}
    engines: {node: '>= 18'}

  '@octokit/auth-unauthenticated@6.1.3':
    resolution: {integrity: sha512-d5gWJla3WdSl1yjbfMpET+hUSFCE15qM0KVSB0H1shyuJihf/RL1KqWoZMIaonHvlNojkL9XtLFp8QeLe+1iwA==}
    engines: {node: '>= 18'}

  '@octokit/core@6.1.6':
    resolution: {integrity: sha512-kIU8SLQkYWGp3pVKiYzA5OSaNF5EE03P/R8zEmmrG6XwOg5oBjXyQVVIauQ0dgau4zYhpZEhJrvIYt6oM+zZZA==}
    engines: {node: '>= 18'}

  '@octokit/endpoint@10.1.4':
    resolution: {integrity: sha512-OlYOlZIsfEVZm5HCSR8aSg02T2lbUWOsCQoPKfTXJwDzcHQBrVBGdGXb89dv2Kw2ToZaRtudp8O3ZIYoaOjKlA==}
    engines: {node: '>= 18'}

  '@octokit/endpoint@9.0.6':
    resolution: {integrity: sha512-H1fNTMA57HbkFESSt3Y9+FBICv+0jFceJFPWDePYlR/iMGrwM5ph+Dd4XRQs+8X+PUFURLQgX9ChPfhJ/1uNQw==}
    engines: {node: '>= 18'}

  '@octokit/graphql@8.2.2':
    resolution: {integrity: sha512-Yi8hcoqsrXGdt0yObxbebHXFOiUA+2v3n53epuOg1QUgOB6c4XzvisBNVXJSl8RYA5KrDuSL2yq9Qmqe5N0ryA==}
    engines: {node: '>= 18'}

  '@octokit/oauth-app@7.1.6':
    resolution: {integrity: sha512-OMcMzY2WFARg80oJNFwWbY51TBUfLH4JGTy119cqiDawSFXSIBujxmpXiKbGWQlvfn0CxE6f7/+c6+Kr5hI2YA==}
    engines: {node: '>= 18'}

  '@octokit/oauth-authorization-url@7.1.1':
    resolution: {integrity: sha512-ooXV8GBSabSWyhLUowlMIVd9l1s2nsOGQdlP2SQ4LnkEsGXzeCvbSbCPdZThXhEFzleGPwbapT0Sb+YhXRyjCA==}
    engines: {node: '>= 18'}

  '@octokit/oauth-methods@5.1.5':
    resolution: {integrity: sha512-Ev7K8bkYrYLhoOSZGVAGsLEscZQyq7XQONCBBAl2JdMg7IT3PQn/y8P0KjloPoYpI5UylqYrLeUcScaYWXwDvw==}
    engines: {node: '>= 18'}

  '@octokit/openapi-types@24.2.0':
    resolution: {integrity: sha512-9sIH3nSUttelJSXUrmGzl7QUBFul0/mB8HRYl3fOlgHbIWG+WnYDXU3v/2zMtAvuzZ/ed00Ei6on975FhBfzrg==}

  '@octokit/openapi-types@25.1.0':
    resolution: {integrity: sha512-idsIggNXUKkk0+BExUn1dQ92sfysJrje03Q0bv0e+KPLrvyqZF8MnBpFz8UNfYDwB3Ie7Z0TByjWfzxt7vseaA==}

  '@octokit/openapi-webhooks-types@11.0.0':
    resolution: {integrity: sha512-ZBzCFj98v3SuRM7oBas6BHZMJRadlnDoeFfvm1olVxZnYeU6Vh97FhPxyS5aLh5pN51GYv2I51l/hVUAVkGBlA==}

  '@octokit/plugin-paginate-rest@12.0.0':
    resolution: {integrity: sha512-MPd6WK1VtZ52lFrgZ0R2FlaoiWllzgqFHaSZxvp72NmoDeZ0m8GeJdg4oB6ctqMTYyrnDYp592Xma21mrgiyDA==}
    engines: {node: '>= 18'}
    peerDependencies:
      '@octokit/core': '>=6'

  '@octokit/request-error@5.1.1':
    resolution: {integrity: sha512-v9iyEQJH6ZntoENr9/yXxjuezh4My67CBSu9r6Ve/05Iu5gNgnisNWOsoJHTP6k0Rr0+HQIpnH+kyammu90q/g==}
    engines: {node: '>= 18'}

  '@octokit/request-error@6.1.8':
    resolution: {integrity: sha512-WEi/R0Jmq+IJKydWlKDmryPcmdYSVjL3ekaiEL1L9eo1sUnqMJ+grqmC9cjk7CA7+b2/T397tO5d8YLOH3qYpQ==}
    engines: {node: '>= 18'}

  '@octokit/request@8.4.1':
    resolution: {integrity: sha512-qnB2+SY3hkCmBxZsR/MPCybNmbJe4KAlfWErXq+rBKkQJlbjdJeS85VI9r8UqeLYLvnAenU8Q1okM/0MBsAGXw==}
    engines: {node: '>= 18'}

  '@octokit/request@9.2.4':
    resolution: {integrity: sha512-q8ybdytBmxa6KogWlNa818r0k1wlqzNC+yNkcQDECHvQo8Vmstrg18JwqJHdJdUiHD2sjlwBgSm9kHkOKe2iyA==}
    engines: {node: '>= 18'}

  '@octokit/types@13.10.0':
    resolution: {integrity: sha512-ifLaO34EbbPj0Xgro4G5lP5asESjwHracYJvVaPIyXMuiuXLlhic3S47cBdTb+jfODkTE5YtGCLt3Ay3+J97sA==}

  '@octokit/types@14.1.0':
    resolution: {integrity: sha512-1y6DgTy8Jomcpu33N+p5w58l6xyt55Ar2I91RPiIA0xCJBXyUAhXCcmZaDWSANiha7R9a6qJJ2CRomGPZ6f46g==}

  '@octokit/webhooks-methods@4.1.0':
    resolution: {integrity: sha512-zoQyKw8h9STNPqtm28UGOYFE7O6D4Il8VJwhAtMHFt2C4L0VQT1qGKLeefUOqHNs1mNRYSadVv7x0z8U2yyeWQ==}
    engines: {node: '>= 18'}

  '@octokit/webhooks-methods@5.1.1':
    resolution: {integrity: sha512-NGlEHZDseJTCj8TMMFehzwa9g7On4KJMPVHDSrHxCQumL6uSQR8wIkP/qesv52fXqV1BPf4pTxwtS31ldAt9Xg==}
    engines: {node: '>= 18'}

  '@octokit/webhooks-types@7.6.1':
    resolution: {integrity: sha512-S8u2cJzklBC0FgTwWVLaM8tMrDuDMVE4xiTK4EYXM9GntyvrdbSoxqDQa+Fh57CCNApyIpyeqPhhFEmHPfrXgw==}

  '@octokit/webhooks@12.3.2':
    resolution: {integrity: sha512-exj1MzVXoP7xnAcAB3jZ97pTvVPkQF9y6GA/dvYC47HV7vLv+24XRS6b/v/XnyikpEuvMhugEXdGtAlU086WkQ==}
    engines: {node: '>= 18'}

  '@octokit/webhooks@13.9.1':
    resolution: {integrity: sha512-Nss2b4Jyn4wB3EAqAPJypGuCJFalz/ZujKBQQ5934To7Xw9xjf4hkr/EAByxQY7hp7MKd790bWGz7XYSTsHmaw==}
    engines: {node: '>= 18'}

  '@shopify/cli@3.87.4':
    resolution: {integrity: sha512-LLUzhpDNFIuuRvNS8IU93/3lVfQffQTQupMFZd5L/ywAjU0ytfvfRUdJ9+rRzxUiLqR4AFArV2PuMG70ZImMdg==}
    engines: {node: '>=20.10.0'}
    os: [darwin, linux, win32]
    hasBin: true

  '@types/aws-lambda@8.10.152':
    resolution: {integrity: sha512-soT/c2gYBnT5ygwiHPmd9a1bftj462NWVk2tKCc1PYHSIacB2UwbTS2zYG4jzag1mRDuzg/OjtxQjQ2NKRB6Rw==}

  '@types/node@20.19.17':
    resolution: {integrity: sha512-gfehUI8N1z92kygssiuWvLiwcbOB3IRktR6hTDgJlXMYh5OvkPSRmgfoBUmfZt+vhwJtX7v1Yw4KvvAf7c5QKQ==}

  '@types/tar@6.1.13':
    resolution: {integrity: sha512-IznnlmU5f4WcGTh2ltRu/Ijpmk8wiWXfF0VA4s+HPjHZgvFggk1YaIkbo5krX/zUCzWF8N/l4+W/LNxnvAJ8nw==}

  aggregate-error@3.1.0:
    resolution: {integrity: sha512-4I7Td01quW/RpocfNayFdFVk1qSuoh0E7JrbRJ16nH01HhKFQ88INq9Sd+nd72zqRySlr9BmDA8xlEJ6vJMrYA==}
    engines: {node: '>=8'}

  before-after-hook@3.0.2:
    resolution: {integrity: sha512-Nik3Sc0ncrMK4UUdXQmAnRtzmNQTAAXmXIopizwZ1W1t8QmfJj+zL4OA2I7XPTPW5z5TDqv4hRo/JzouDJnX3A==}

  boolean@3.2.0:
    resolution: {integrity: sha512-d0II/GO9uf9lfUHH2BQsjxzRJZBdsjgsBiW4BvhWk/3qoKwQFjIDVN19PfX8F2D/r9PCMTtLWjYVCFrpeYUzsw==}
    deprecated: Package no longer supported. Contact Support at https://www.npmjs.com/support for more info.

  chownr@3.0.0:
    resolution: {integrity: sha512-+IxzY9BZOQd/XuYPRmrvEVjF/nqj5kgT4kEq7VofrDoM1MxoRjEWkrCC3EtLi59TVawxTAn+orJwFQcrqEN1+g==}
    engines: {node: '>=18'}

  clean-stack@2.2.0:
    resolution: {integrity: sha512-4diC9HaTE+KRAMWhDhrGOECgWZxoevMc5TlkObMqNSsVU62PYzXZ/SMTjzyGAFF1YusgxGcSWTEXBhp0CPwQ1A==}
    engines: {node: '>=6'}

  define-data-property@1.1.4:
    resolution: {integrity: sha512-rBMvIzlpA8v6E+SJZoo++HAYqsLrkg7MSfIinMPFhmkorw7X+dOXVJQs+QT69zGkzMyfDnIMN2Wid1+NbL3T+A==}
    engines: {node: '>= 0.4'}

  define-properties@1.2.1:
    resolution: {integrity: sha512-8QmQKqEASLd5nx0U1B1okLElbUuuttJ/AnYmRXbbbGDWh6uS208EjD4Xqq/I9wK7u0v6O08XhTWnt5XtEbR6Dg==}
    engines: {node: '>= 0.4'}

  deprecation@2.3.1:
    resolution: {integrity: sha512-xmHIy4F3scKVwMsQ4WnVaS8bHOx0DmVwRywosKhaILI0ywMDWPtBSku2HNxRvF7jtwDRsoEwYQSfbxj8b7RlJQ==}

  detect-node@2.1.0:
    resolution: {integrity: sha512-T0NIuQpnTvFDATNuHN5roPwSBG83rFsuO+MXXH9/3N1eFbn4wcPjttvjMLEPWJ0RGUYgQE7cGgS3tNxbqCGM7g==}

  es-define-property@1.0.1:
    resolution: {integrity: sha512-e3nRfgfUZ4rNGL232gUgX06QNyyez04KdjFrF+LTRoOXmrOgFKDg4BCdsjW8EnT69eqdYGmRpJwiPVYNrCaW3g==}
    engines: {node: '>= 0.4'}

  es-errors@1.3.0:
    resolution: {integrity: sha512-Zf5H2Kxt2xjTvbJvP2ZWLEICxA6j+hAmMzIlypy4xcBg1vKVnx89Wy0GbS+kf5cwCVFFzdCFh2XSCFNULS6csw==}
    engines: {node: '>= 0.4'}

  es6-error@4.1.1:
    resolution: {integrity: sha512-Um/+FxMr9CISWh0bi5Zv0iOD+4cFh5qLeks1qhAopKVAJw3drgKbKySikp7wGhDL0HPeaja0P5ULZrxLkniUVg==}

  esbuild@0.25.12:
    resolution: {integrity: sha512-bbPBYYrtZbkt6Os6FiTLCTFxvq4tt3JKall1vRwshA3fdVztsLAatFaZobhkBC8/BrPetoa0oksYoKXoG4ryJg==}
    engines: {node: '>=18'}
    hasBin: true

  escape-string-regexp@4.0.0:
    resolution: {integrity: sha512-TtpcNJ3XAzx3Gq8sWRzJaVajRs0uVxA2YAkdb1jm2YkPz4G6egUFAyA3n5vtEIZefPk5Wa4UXbKuS5fKkJWdgA==}
    engines: {node: '>=10'}

  fast-content-type-parse@2.0.1:
    resolution: {integrity: sha512-nGqtvLrj5w0naR6tDPfB4cUmYCqouzyQiz6C5y/LtcDllJdrcc6WaWW6iXyIIOErTa/XRybj28aasdn4LkVk6Q==}

  global-agent@3.0.0:
    resolution: {integrity: sha512-PT6XReJ+D07JvGoxQMkT6qji/jVNfX/h364XHZOWeRzy64sSFr+xJ5OX7LI3b4MPQzdL4H8Y8M0xzPpsVMwA8Q==}
    engines: {node: '>=10.0'}

  globalthis@1.0.4:
    resolution: {integrity: sha512-DpLKbNU4WylpxJykQujfCcwYWiV/Jhm50Goo0wrVILAv5jOr9d+H+UR3PhSCD2rCCEIg0uc+G+muBTwD54JhDQ==}
    engines: {node: '>= 0.4'}

  gopd@1.2.0:
    resolution: {integrity: sha512-ZUKRh6/kUFoAiTAtTYPZJ3hw9wNxx+BIBOijnlG9PnrJsCcSjs1wyyD6vJpaYtgnzDrKYRSqf3OO6Rfa93xsRg==}
    engines: {node: '>= 0.4'}

  has-property-descriptors@1.0.2:
    resolution: {integrity: sha512-55JNKuIW+vq4Ke1BjOTjM2YctQIvCT7GFzHwmfZPGo5wnrgkid0YQtnAleFSqumZm4az3n2BS+erby5ipJdgrg==}

  indent-string@4.0.0:
    resolution: {integrity: sha512-EdDDZu4A2OyIK7Lr/2zG+w5jmbuk1DVBnEwREQvBzspBJkCEbRa8GxU1lghYcaGJCnRWibjDXlq779X1/y5xwg==}
    engines: {node: '>=8'}

  json-stringify-safe@5.0.1:
    resolution: {integrity: sha512-ZClg6AaYvamvYEE82d3Iyd3vSSIjQ+odgjaTzRuO3s7toCdFKczob2i0zCh7JE8kWn17yvAWhUVxvqGwUalsRA==}

  matcher@3.0.0:
    resolution: {integrity: sha512-OkeDaAZ/bQCxeFAozM55PKcKU0yJMPGifLwV4Qgjitu+5MoAfSQN4lsLJeXZ1b8w0x+/Emda6MZgXS1jvsapng==}
    engines: {node: '>=10'}

  minipass@4.2.8:
    resolution: {integrity: sha512-fNzuVyifolSLFL4NzpF+wEF4qrgqaaKX0haXPQEdQ7NKAN+WecoKMHV09YcuL/DHxrUsYQOK3MiuDf7Ip2OXfQ==}
    engines: {node: '>=8'}

  minipass@7.1.2:
    resolution: {integrity: sha512-qOOzS1cBTWYF4BH8fVePDBOO9iptMnGUEZwNc/cMWnTV2nVLZ7VoNWEPHkYczZA0pdoA7dl6e7FL659nX9S2aw==}
    engines: {node: '>=16 || 14 >=14.17'}

  minizlib@3.1.0:
    resolution: {integrity: sha512-KZxYo1BUkWD2TVFLr0MQoM8vUUigWD3LlD83a/75BqC+4qE0Hb1Vo5v1FgcfaNXvfXzr+5EhQ6ing/CaBijTlw==}
    engines: {node: '>= 18'}

  object-keys@1.1.1:
    resolution: {integrity: sha512-NuAESUOUMrlIXOfHKzD6bpPu3tYt3xvjNdRIQ+FeT0lNb4K8WR70CaDxhuNguS2XG+GjkyMwOzsN5ZktImfhLA==}
    engines: {node: '>= 0.4'}

  once@1.4.0:
    resolution: {integrity: sha512-lNaJgI+2Q5URQBkccEKHTQOPaXdUxnZZElQTZY0MFUAuaEqe1E+Nyvgdz/aIyNi6Z9MzO5dv1H8n58/GELp3+w==}

  roarr@2.15.4:
    resolution: {integrity: sha512-CHhPh+UNHD2GTXNYhPWLnU8ONHdI+5DI+4EYIAOaiD63rHeYlZvyh8P+in5999TTSFgUYuKUAjzRI4mdh/p+2A==}
    engines: {node: '>=8.0'}

  semver-compare@1.0.0:
    resolution: {integrity: sha512-YM3/ITh2MJ5MtzaM429anh+x2jiLVjqILF4m4oyQB18W7Ggea7BfqdH/wGMK7dDiMghv/6WG7znWMwUDzJiXow==}

  semver@7.7.3:
    resolution: {integrity: sha512-SdsKMrI9TdgjdweUSR9MweHA4EJ8YxHn8DFaDisvhVlUOe4BF1tLD7GAj0lIqWVl+dPb/rExr0Btby5loQm20Q==}
    engines: {node: '>=10'}
    hasBin: true

  serialize-error@7.0.1:
    resolution: {integrity: sha512-8I8TjW5KMOKsZQTvoxjuSIa7foAwPWGOts+6o7sgjz41/qMD9VQHEDxi6PBvK2l0MXUmqZyNpUK+T2tQaaElvw==}
    engines: {node: '>=10'}

  sprintf-js@1.1.3:
    resolution: {integrity: sha512-Oo+0REFV59/rz3gfJNKQiBlwfHaSESl1pcGyABQsnnIfWOFt6JNj5gCog2U6MLZ//IGYD+nA8nI+mTShREReaA==}

  tar@7.5.2:
    resolution: {integrity: sha512-7NyxrTE4Anh8km8iEy7o0QYPs+0JKBTj5ZaqHg6B39erLg0qYXN3BijtShwbsNSvQ+LN75+KV+C4QR/f6Gwnpg==}
    engines: {node: '>=18'}

  tiny-invariant@1.3.3:
    resolution: {integrity: sha512-+FbBPE1o9QAYvviau/qC5SE3caw21q3xkvWKBtja5vgqOWIHHJ3ioaq1VPfn/Szqctz2bU/oYeKd9/z5BL+PVg==}

  toad-cache@3.7.0:
    resolution: {integrity: sha512-/m8M+2BJUpoJdgAHoG+baCwBT+tf2VraSfkBgl0Y00qIWt41DJ8R5B8nsEw0I58YwF5IZH6z24/2TobDKnqSWw==}
    engines: {node: '>=12'}

  type-fest@0.13.1:
    resolution: {integrity: sha512-34R7HTnG0XIJcBSn5XhDd7nNFPRcXYRZrBB2O2jdKqYODldSzBAqzsWoZYYvduky73toYS/ESqxPvkDf/F0XMg==}
    engines: {node: '>=10'}

  typescript@5.9.2:
    resolution: {integrity: sha512-CWBzXQrc/qOkhidw1OzBTQuYRbfyxDXJMVJ1XNwUHGROVmuaeiEm3OslpZ1RV96d7SKKjZKrSJu3+t/xlw3R9A==}
    engines: {node: '>=14.17'}
    hasBin: true

  undici-types@6.21.0:
    resolution: {integrity: sha512-iwDZqg0QAGrg9Rav5H4n0M64c3mkR59cJ6wQp+7C4nI0gsmExaedaYLNO44eT4AtBBwjbTiGPMlt2Md0T9H9JQ==}

  universal-github-app-jwt@2.2.2:
    resolution: {integrity: sha512-dcmbeSrOdTnsjGjUfAlqNDJrhxXizjAz94ija9Qw8YkZ1uu0d+GoZzyH+Jb9tIIqvGsadUfwg+22k5aDqqwzbw==}

  universal-user-agent@6.0.1:
    resolution: {integrity: sha512-yCzhz6FN2wU1NiiQRogkTQszlQSlpWaw8SvVegAc+bDxbzHgh1vX8uIe8OYyMH6DwH+sdTJsgMl36+mSMdRJIQ==}

  universal-user-agent@7.0.3:
    resolution: {integrity: sha512-TmnEAEAsBJVZM/AADELsK76llnwcf9vMKuPz8JflO1frO8Lchitr0fNaN9d+Ap0BjKtqWqd/J17qeDnXh8CL2A==}

  wrappy@1.0.2:
    resolution: {integrity: sha512-l4Sp/DRseor9wL6EvV2+TuQn63dMkPjZ/sp9XkghTEbV9KlPS1xUsZ3u7/IQO4wxtcFB4bgpQPRcR3QCvezPcQ==}

  yallist@5.0.0:
    resolution: {integrity: sha512-YgvUTfwqyc7UXVMrB+SImsVYSmTS8X/tSrtdNZMImM+n7+QTriRXyXim0mBrTXNeqzVF0KWGgHPeiyViFFrNDw==}
    engines: {node: '>=18'}

snapshots:

  '@ast-grep/napi-darwin-arm64@0.33.0':
    optional: true

  '@ast-grep/napi-darwin-x64@0.33.0':
    optional: true

  '@ast-grep/napi-linux-arm64-gnu@0.33.0':
    optional: true

  '@ast-grep/napi-linux-arm64-musl@0.33.0':
    optional: true

  '@ast-grep/napi-linux-x64-gnu@0.33.0':
    optional: true

  '@ast-grep/napi-linux-x64-musl@0.33.0':
    optional: true

  '@ast-grep/napi-win32-arm64-msvc@0.33.0':
    optional: true

  '@ast-grep/napi-win32-ia32-msvc@0.33.0':
    optional: true

  '@ast-grep/napi-win32-x64-msvc@0.33.0':
    optional: true

  '@ast-grep/napi@0.33.0':
    optionalDependencies:
      '@ast-grep/napi-darwin-arm64': 0.33.0
      '@ast-grep/napi-darwin-x64': 0.33.0
      '@ast-grep/napi-linux-arm64-gnu': 0.33.0
      '@ast-grep/napi-linux-arm64-musl': 0.33.0
      '@ast-grep/napi-linux-x64-gnu': 0.33.0
      '@ast-grep/napi-linux-x64-musl': 0.33.0
      '@ast-grep/napi-win32-arm64-msvc': 0.33.0
      '@ast-grep/napi-win32-ia32-msvc': 0.33.0
      '@ast-grep/napi-win32-x64-msvc': 0.33.0

  '@esbuild/aix-ppc64@0.25.12':
    optional: true

  '@esbuild/android-arm64@0.25.12':
    optional: true

  '@esbuild/android-arm@0.25.12':
    optional: true

  '@esbuild/android-x64@0.25.12':
    optional: true

  '@esbuild/darwin-arm64@0.25.12':
    optional: true

  '@esbuild/darwin-x64@0.25.12':
    optional: true

  '@esbuild/freebsd-arm64@0.25.12':
    optional: true

  '@esbuild/freebsd-x64@0.25.12':
    optional: true

  '@esbuild/linux-arm64@0.25.12':
    optional: true

  '@esbuild/linux-arm@0.25.12':
    optional: true

  '@esbuild/linux-ia32@0.25.12':
    optional: true

  '@esbuild/linux-loong64@0.25.12':
    optional: true

  '@esbuild/linux-mips64el@0.25.12':
    optional: true

  '@esbuild/linux-ppc64@0.25.12':
    optional: true

  '@esbuild/linux-riscv64@0.25.12':
    optional: true

  '@esbuild/linux-s390x@0.25.12':
    optional: true

  '@esbuild/linux-x64@0.25.12':
    optional: true

  '@esbuild/netbsd-arm64@0.25.12':
    optional: true

  '@esbuild/netbsd-x64@0.25.12':
    optional: true

  '@esbuild/openbsd-arm64@0.25.12':
    optional: true

  '@esbuild/openbsd-x64@0.25.12':
    optional: true

  '@esbuild/openharmony-arm64@0.25.12':
    optional: true

  '@esbuild/sunos-x64@0.25.12':
    optional: true

  '@esbuild/win32-arm64@0.25.12':
    optional: true

  '@esbuild/win32-ia32@0.25.12':
    optional: true

  '@esbuild/win32-x64@0.25.12':
    optional: true

  '@isaacs/fs-minipass@4.0.1':
    dependencies:
      minipass: 7.1.2

  '@octokit/app@15.1.6':
    dependencies:
      '@octokit/auth-app': 7.2.2
      '@octokit/auth-unauthenticated': 6.1.3
      '@octokit/core': 6.1.6
      '@octokit/oauth-app': 7.1.6
      '@octokit/plugin-paginate-rest': 12.0.0(@octokit/core@6.1.6)
      '@octokit/types': 14.1.0
      '@octokit/webhooks': 13.9.1

  '@octokit/auth-app@7.2.2':
    dependencies:
      '@octokit/auth-oauth-app': 8.1.4
      '@octokit/auth-oauth-user': 5.1.6
      '@octokit/request': 9.2.4
      '@octokit/request-error': 6.1.8
      '@octokit/types': 14.1.0
      toad-cache: 3.7.0
      universal-github-app-jwt: 2.2.2
      universal-user-agent: 7.0.3

  '@octokit/auth-oauth-app@8.1.4':
    dependencies:
      '@octokit/auth-oauth-device': 7.1.5
      '@octokit/auth-oauth-user': 5.1.6
      '@octokit/request': 9.2.4
      '@octokit/types': 14.1.0
      universal-user-agent: 7.0.3

  '@octokit/auth-oauth-device@7.1.5':
    dependencies:
      '@octokit/oauth-methods': 5.1.5
      '@octokit/request': 9.2.4
      '@octokit/types': 14.1.0
      universal-user-agent: 7.0.3

  '@octokit/auth-oauth-user@5.1.6':
    dependencies:
      '@octokit/auth-oauth-device': 7.1.5
      '@octokit/oauth-methods': 5.1.5
      '@octokit/request': 9.2.4
      '@octokit/types': 14.1.0
      universal-user-agent: 7.0.3

  '@octokit/auth-token@5.1.2': {}

  '@octokit/auth-unauthenticated@6.1.3':
    dependencies:
      '@octokit/request-error': 6.1.8
      '@octokit/types': 14.1.0

  '@octokit/core@6.1.6':
    dependencies:
      '@octokit/auth-token': 5.1.2
      '@octokit/graphql': 8.2.2
      '@octokit/request': 9.2.4
      '@octokit/request-error': 6.1.8
      '@octokit/types': 14.1.0
      before-after-hook: 3.0.2
      universal-user-agent: 7.0.3

  '@octokit/endpoint@10.1.4':
    dependencies:
      '@octokit/types': 14.1.0
      universal-user-agent: 7.0.3

  '@octokit/endpoint@9.0.6':
    dependencies:
      '@octokit/types': 13.10.0
      universal-user-agent: 6.0.1

  '@octokit/graphql@8.2.2':
    dependencies:
      '@octokit/request': 9.2.4
      '@octokit/types': 14.1.0
      universal-user-agent: 7.0.3

  '@octokit/oauth-app@7.1.6':
    dependencies:
      '@octokit/auth-oauth-app': 8.1.4
      '@octokit/auth-oauth-user': 5.1.6
      '@octokit/auth-unauthenticated': 6.1.3
      '@octokit/core': 6.1.6
      '@octokit/oauth-authorization-url': 7.1.1
      '@octokit/oauth-methods': 5.1.5
      '@types/aws-lambda': 8.10.152
      universal-user-agent: 7.0.3

  '@octokit/oauth-authorization-url@7.1.1': {}

  '@octokit/oauth-methods@5.1.5':
    dependencies:
      '@octokit/oauth-authorization-url': 7.1.1
      '@octokit/request': 9.2.4
      '@octokit/request-error': 6.1.8
      '@octokit/types': 14.1.0

  '@octokit/openapi-types@24.2.0': {}

  '@octokit/openapi-types@25.1.0': {}

  '@octokit/openapi-webhooks-types@11.0.0': {}

  '@octokit/plugin-paginate-rest@12.0.0(@octokit/core@6.1.6)':
    dependencies:
      '@octokit/core': 6.1.6
      '@octokit/types': 14.1.0

  '@octokit/request-error@5.1.1':
    dependencies:
      '@octokit/types': 13.10.0
      deprecation: 2.3.1
      once: 1.4.0

  '@octokit/request-error@6.1.8':
    dependencies:
      '@octokit/types': 14.1.0

  '@octokit/request@8.4.1':
    dependencies:
      '@octokit/endpoint': 9.0.6
      '@octokit/request-error': 5.1.1
      '@octokit/types': 13.10.0
      universal-user-agent: 6.0.1

  '@octokit/request@9.2.4':
    dependencies:
      '@octokit/endpoint': 10.1.4
      '@octokit/request-error': 6.1.8
      '@octokit/types': 14.1.0
      fast-content-type-parse: 2.0.1
      universal-user-agent: 7.0.3

  '@octokit/types@13.10.0':
    dependencies:
      '@octokit/openapi-types': 24.2.0

  '@octokit/types@14.1.0':
    dependencies:
      '@octokit/openapi-types': 25.1.0

  '@octokit/webhooks-methods@4.1.0': {}

  '@octokit/webhooks-methods@5.1.1': {}

  '@octokit/webhooks-types@7.6.1': {}

  '@octokit/webhooks@12.3.2':
    dependencies:
      '@octokit/request-error': 5.1.1
      '@octokit/webhooks-methods': 4.1.0
      '@octokit/webhooks-types': 7.6.1
      aggregate-error: 3.1.0

  '@octokit/webhooks@13.9.1':
    dependencies:
      '@octokit/openapi-webhooks-types': 11.0.0
      '@octokit/request-error': 6.1.8
      '@octokit/webhooks-methods': 5.1.1

  '@shopify/cli@3.87.4':
    dependencies:
      '@ast-grep/napi': 0.33.0
      esbuild: 0.25.12
      global-agent: 3.0.0

  '@types/aws-lambda@8.10.152': {}

  '@types/node@20.19.17':
    dependencies:
      undici-types: 6.21.0

  '@types/tar@6.1.13':
    dependencies:
      '@types/node': 20.19.17
      minipass: 4.2.8

  aggregate-error@3.1.0:
    dependencies:
      clean-stack: 2.2.0
      indent-string: 4.0.0

  before-after-hook@3.0.2: {}

  boolean@3.2.0: {}

  chownr@3.0.0: {}

  clean-stack@2.2.0: {}

  define-data-property@1.1.4:
    dependencies:
      es-define-property: 1.0.1
      es-errors: 1.3.0
      gopd: 1.2.0

  define-properties@1.2.1:
    dependencies:
      define-data-property: 1.1.4
      has-property-descriptors: 1.0.2
      object-keys: 1.1.1

  deprecation@2.3.1: {}

  detect-node@2.1.0: {}

  es-define-property@1.0.1: {}

  es-errors@1.3.0: {}

  es6-error@4.1.1: {}

  esbuild@0.25.12:
    optionalDependencies:
      '@esbuild/aix-ppc64': 0.25.12
      '@esbuild/android-arm': 0.25.12
      '@esbuild/android-arm64': 0.25.12
      '@esbuild/android-x64': 0.25.12
      '@esbuild/darwin-arm64': 0.25.12
      '@esbuild/darwin-x64': 0.25.12
      '@esbuild/freebsd-arm64': 0.25.12
      '@esbuild/freebsd-x64': 0.25.12
      '@esbuild/linux-arm': 0.25.12
      '@esbuild/linux-arm64': 0.25.12
      '@esbuild/linux-ia32': 0.25.12
      '@esbuild/linux-loong64': 0.25.12
      '@esbuild/linux-mips64el': 0.25.12
      '@esbuild/linux-ppc64': 0.25.12
      '@esbuild/linux-riscv64': 0.25.12
      '@esbuild/linux-s390x': 0.25.12
      '@esbuild/linux-x64': 0.25.12
      '@esbuild/netbsd-arm64': 0.25.12
      '@esbuild/netbsd-x64': 0.25.12
      '@esbuild/openbsd-arm64': 0.25.12
      '@esbuild/openbsd-x64': 0.25.12
      '@esbuild/openharmony-arm64': 0.25.12
      '@esbuild/sunos-x64': 0.25.12
      '@esbuild/win32-arm64': 0.25.12
      '@esbuild/win32-ia32': 0.25.12
      '@esbuild/win32-x64': 0.25.12

  escape-string-regexp@4.0.0: {}

  fast-content-type-parse@2.0.1: {}

  global-agent@3.0.0:
    dependencies:
      boolean: 3.2.0
      es6-error: 4.1.1
      matcher: 3.0.0
      roarr: 2.15.4
      semver: 7.7.3
      serialize-error: 7.0.1

  globalthis@1.0.4:
    dependencies:
      define-properties: 1.2.1
      gopd: 1.2.0

  gopd@1.2.0: {}

  has-property-descriptors@1.0.2:
    dependencies:
      es-define-property: 1.0.1

  indent-string@4.0.0: {}

  json-stringify-safe@5.0.1: {}

  matcher@3.0.0:
    dependencies:
      escape-string-regexp: 4.0.0

  minipass@4.2.8: {}

  minipass@7.1.2: {}

  minizlib@3.1.0:
    dependencies:
      minipass: 7.1.2

  object-keys@1.1.1: {}

  once@1.4.0:
    dependencies:
      wrappy: 1.0.2

  roarr@2.15.4:
    dependencies:
      boolean: 3.2.0
      detect-node: 2.1.0
      globalthis: 1.0.4
      json-stringify-safe: 5.0.1
      semver-compare: 1.0.0
      sprintf-js: 1.1.3

  semver-compare@1.0.0: {}

  semver@7.7.3: {}

  serialize-error@7.0.1:
    dependencies:
      type-fest: 0.13.1

  sprintf-js@1.1.3: {}

  tar@7.5.2:
    dependencies:
      '@isaacs/fs-minipass': 4.0.1
      chownr: 3.0.0
      minipass: 7.1.2
      minizlib: 3.1.0
      yallist: 5.0.0

  tiny-invariant@1.3.3: {}

  toad-cache@3.7.0: {}

  type-fest@0.13.1: {}

  typescript@5.9.2: {}

  undici-types@6.21.0: {}

  universal-github-app-jwt@2.2.2: {}

  universal-user-agent@6.0.1: {}

  universal-user-agent@7.0.3: {}

  wrappy@1.0.2: {}

  yallist@5.0.0: {}
